
Microsoft Visual Studio Solution File, Format Version 12.00
# Visual Studio 15
VisualStudioVersion = 15.0.28010.2046
MinimumVisualStudioVersion = 10.0.40219.1
Project("{2150E333-8FDC-42A3-9474-1A3956D46DE8}") = "Day1_ChronalCalibration", "Day1_ChronalCalibration", "{6916DEDE-A869-4E07-BF9E-6B663AAE5460}"
EndProject
Project("{9A19103F-16F7-4668-BE54-9A1E7A4F7556}") = "FrequencyCalculator", "FrequencyCalculator\FrequencyCalculator.csproj", "{5A0820F2-370A-46ED-BF00-F87583CC4555}"
EndProject
Project("{2150E333-8FDC-42A3-9474-1A3956D46DE8}") = "Day2_InventoryManagementSystem", "Day2_InventoryManagementSystem", "{6504CEF5-1B2B-49BF-B4E1-F20C0F30856D}"
EndProject
Project("{9A19103F-16F7-4668-BE54-9A1E7A4F7556}") = "InventoryManagementSystem", "InventoryManagementSystem\InventoryManagementSystem.csproj", "{0D2F3A54-654E-4969-96C2-8C671277BFAC}"
EndProject
Project("{2150E333-8FDC-42A3-9474-1A3956D46DE8}") = "Day3_NoMatterHowYouSliceIt", "Day3_NoMatterHowYouSliceIt", "{819F86D2-301A-4775-9D0D-194ECBF2AED3}"
EndProject
Project("{FAE04EC0-301F-11D3-BF4B-00C04F79EFBC}") = "FabricSlicer", "FabricSlicer\FabricSlicer.csproj", "{EAD3A74F-CD4D-4FBF-B9F2-8F4608101C7D}"
EndProject
Global
	GlobalSection(SolutionConfigurationPlatforms) = preSolution
		Debug|Any CPU = Debug|Any CPU
		Release|Any CPU = Release|Any CPU
	EndGlobalSection
	GlobalSection(ProjectConfigurationPlatforms) = postSolution
		{5A0820F2-370A-46ED-BF00-F87583CC4555}.Debug|Any CPU.ActiveCfg = Debug|Any CPU
		{5A0820F2-370A-46ED-BF00-F87583CC4555}.Debug|Any CPU.Build.0 = Debug|Any CPU
		{5A0820F2-370A-46ED-BF00-F87583CC4555}.Release|Any CPU.ActiveCfg = Release|Any CPU
		{5A0820F2-370A-46ED-BF00-F87583CC4555}.Release|Any CPU.Build.0 = Release|Any CPU
		{0D2F3A54-654E-4969-96C2-8C671277BFAC}.Debug|Any CPU.ActiveCfg = Debug|Any CPU
		{0D2F3A54-654E-4969-96C2-8C671277BFAC}.Debug|Any CPU.Build.0 = Debug|Any CPU
		{0D2F3A54-654E-4969-96C2-8C671277BFAC}.Release|Any CPU.ActiveCfg = Release|Any CPU
		{0D2F3A54-654E-4969-96C2-8C671277BFAC}.Release|Any CPU.Build.0 = Release|Any CPU
		{EAD3A74F-CD4D-4FBF-B9F2-8F4608101C7D}.Debug|Any CPU.ActiveCfg = Debug|Any CPU
		{EAD3A74F-CD4D-4FBF-B9F2-8F4608101C7D}.Debug|Any CPU.Build.0 = Debug|Any CPU
		{EAD3A74F-CD4D-4FBF-B9F2-8F4608101C7D}.Release|Any CPU.ActiveCfg = Release|Any CPU
		{EAD3A74F-CD4D-4FBF-B9F2-8F4608101C7D}.Release|Any CPU.Build.0 = Release|Any CPU
	EndGlobalSection
	GlobalSection(SolutionProperties) = preSolution
		HideSolutionNode = FALSE
	EndGlobalSection
	GlobalSection(NestedProjects) = preSolution
		{5A0820F2-370A-46ED-BF00-F87583CC4555} = {6916DEDE-A869-4E07-BF9E-6B663AAE5460}
		{0D2F3A54-654E-4969-96C2-8C671277BFAC} = {6504CEF5-1B2B-49BF-B4E1-F20C0F30856D}
		{EAD3A74F-CD4D-4FBF-B9F2-8F4608101C7D} = {819F86D2-301A-4775-9D0D-194ECBF2AED3}
	EndGlobalSection
	GlobalSection(ExtensibilityGlobals) = postSolution
		SolutionGuid = {36377FE7-FD85-4F91-A0E0-F02D8860DC57}
	EndGlobalSection
EndGlobal
